
Microsoft Visual Studio Solution File, Format Version 12.00
# Visual Studio Version 16
VisualStudioVersion = 16.0.29418.71
MinimumVisualStudioVersion = 10.0.40219.1
Project("{9A19103F-16F7-4668-BE54-9A1E7A4F7556}") = "RabbitTransfer", "RabbitTransfer.csproj", "{2D9FCA83-C369-4F06-9DD8-8B25F50969FF}"
EndProject
Global
	GlobalSection(SolutionConfigurationPlatforms) = preSolution
		Debug|Any CPU = Debug|Any CPU
		Release|Any CPU = Release|Any CPU
	EndGlobalSection
	GlobalSection(ProjectConfigurationPlatforms) = postSolution
		{2D9FCA83-C369-4F06-9DD8-8B25F50969FF}.Debug|Any CPU.ActiveCfg = Debug|Any CPU
		{2D9FCA83-C369-4F06-9DD8-8B25F50969FF}.Debug|Any CPU.Build.0 = Debug|Any CPU
		{2D9FCA83-C369-4F06-9DD8-8B25F50969FF}.Release|Any CPU.ActiveCfg = Release|Any CPU
		{2D9FCA83-C369-4F06-9DD8-8B25F50969FF}.Release|Any CPU.Build.0 = Release|Any CPU
	EndGlobalSection
	GlobalSection(SolutionProperties) = preSolution
		HideSolutionNode = FALSE
	EndGlobalSection
	GlobalSection(ExtensibilityGlobals) = postSolution
		SolutionGuid = {14012752-B639-4E3C-8D6E-F7889469E5A6}
	EndGlobalSection
EndGlobal
